github.com/USA-RedDragon/configulator/v2 v2.5.0 h1:Z6eY4ncXH6m7cTCfF0/chRJxUT5/TQnFDoBgh0CMV9Y=
github.com/USA-RedDragon/configulator/v2 v2.5.0/go.mod h1:L/HGK6Bf1Wr7dbBibAW0zpXhvG0A+7cMI0U9Rz9Hplg=
github.com/chewxy/math32 v1.10.1 h1:LFpeY0SLJXeaiej/eIp2L40VYfscTvKh/FSEZ68uMkU=
github.com/chewxy/math32 v1.10.1/go.mod h1:dOB2rcuFrCn6UHrze36WSLVPKtzPMRAQvBvUwkSsLqs=
github.com/cpuguy83/go-md2man/v2 v2.0.6/go.mod h1:oOW0eioCTA6cOiMLiUPZOpcVxMig6NIQQ7OS05n1F4g=
github.com/dave/jennifer v1.7.1 h1:B4jJJDHelWcDhlRQxWeo0Npa/pYKBLrirAQoTN45txo=
github.com/dave/jennifer v1.7.1/go.mod h1:nXbxhEmQfOZhWml3D1cDK5M1FLnMSozpbFN/m3RmGZc=
github.com/davecgh/go-spew v1.1.1 h1:vj9j/u1bqnvCEfJOwUhtlOARqs3+rkHYY13jYWTU97c=
github.com/davecgh/go-spew v1.1.1/go.mod h1:J7Y8YcW2NihsgmVo/mv3lAwl/skON4iLHjSsI+c5H38=
github.com/ebitengine/gomobile v0.0.0-20240911145611-4856209ac325 h1:Gk1XUEttOk0/hb6Tq3WkmutWa0ZLhNn/6fc6XZpM7tM=
github.com/ebitengine/gomobile v0.0.0-20240911145611-4856209ac325/go.mod h1:ulhSQcbPioQrallSuIzF8l1NKQoD7xmMZc5NxzibUMY=
github.com/ebitengine/hideconsole v1.0.0 h1:5J4U0kXF+pv/DhiXt5/lTz0eO5ogJ1iXb8Yj1yReDqE=
github.com/ebitengine/hideconsole v1.0.0/go.mod h1:hTTBTvVYWKBuxPr7peweneWdkUwEuHuB3C1R/ielR1A=
github.com/ebitengine/purego v0.8.0 h1:JbqvnEzRvPpxhCJzJJ2y0RbiZ8nyjccVUrSM3q+GvvE=
github.com/ebitengine/purego v0.8.0/go.mod h1:iIjxzd6CiRiOG0UyXP+V1+jWqUXVjPKLAI0mRfJZTmQ=
github.com/ebitenui/ebitenui v0.6.0 h1:3p4vqhEwY8VC1Sq9+jt2eXza/KNhNwLPNzAhCkCiDs0=
github.com/ebitenui/ebitenui v0.6.0/go.mod h1:TgRNXSB+uSNmj0j45+tTQkluAaOx+WPm2M2Xau1HaFE=
github.com/go-text/typesetting v0.2.0 h1:fbzsgbmk04KiWtE+c3ZD4W2nmCRzBqrqQOvYlwAOdho=
github.com/go-text/typesetting v0.2.0/go.mod h1:2+owI/sxa73XA581LAzVuEBZ3WEEV2pXeDswCH/3i1I=
github.com/go-text/typesetting-utils v0.0.0-20240317173224-1986cbe96c66 h1:GUrm65PQPlhFSKjLPGOZNPNxLCybjzjYBzjfoBGaDUY=
github.com/go-text/typesetting-utils v0.0.0-20240317173224-1986cbe96c66/go.mod h1:DDxDdQEnB70R8owOx3LVpEFvpMK9eeH1o2r0yZhFI9o=
github.com/goccy/go-yaml v1.19.2 h1:PmFC1S6h8ljIz6gMRBopkjP1TVT7xuwrButHID66PoM=
github.com/goccy/go-yaml v1.19.2/go.mod h1:XBurs7gK8ATbW4ZPGKgcbrY1Br56PdM69F7LkFRi1kA=
github.com/google/go-cmp v0.6.0 h1:ofyhxvXcZhMsU5ulbFiLKl/XBFqE1GSq7atu8tAmTRI=
github.com/google/go-cmp v0.6.0/go.mod h1:17dUlkBOakJ0+DkrSSNjCkIjxS6bF9zb3elmeNGIjoY=
github.com/hajimehoshi/bitmapfont/v3 v3.2.0 h1:0DISQM/rseKIJhdF29AkhvdzIULqNIIlXAGWit4ez1Q=
github.com/hajimehoshi/bitmapfont/v3 v3.2.0/go.mod h1:8gLqGatKVu0pwcNCJguW3Igg9WQqVXF0zg/RvrGQWyg=
github.com/hajimehoshi/ebiten/v2 v2.8.6 h1:Dkd/sYI0TYyZRCE7GVxV59XC+WCi2BbGAbIBjXeVC1U=
github.com/hajimehoshi/ebiten/v2 v2.8.6/go.mod h1:cCQ3np7rdmaJa1ZnvslraVlpxNb3wCjEnAP1LHNyXNA=
github.com/inconshreveable/mousetrap v1.1.0 h1:wN+x4NVGpMsO7ErUn/mUI3vEoE6Jt13X2s0bqwp9tc8=
github.com/inconshreveable/mousetrap v1.1.0/go.mod h1:vpF70FUmC8bwa3OWnCshd2FqLfsEA9PFc4w1p2J65bw=
github.com/jezek/xgb v1.1.1 h1:bE/r8ZZtSv7l9gk6nU0mYx51aXrvnyb44892TwSaqS4=
github.com/jezek/xgb v1.1.1/go.mod h1:nrhwO0FX/enq75I7Y7G8iN1ubpSGZEiA3v9e9GyRFlk=
github.com/matryer/is v1.4.1 h1:55ehd8zaGABKLXQUe2awZ99BD/PTc2ls+KV/dXphgEQ=
github.com/matryer/is v1.4.1/go.mod h1:8I/i5uYgLzgsgEloJE1U6xx5HkBQpAZvepWuujKwMRU=
github.com/pierrec/lz4/v4 v4.1.21 h1:yOVMLb6qSIDP67pl/5F7RepeKYu/VmTyEXvuMI5d9mQ=
github.com/pierrec/lz4/v4 v4.1.21/go.mod h1:gZWDp/Ze/IJXGXf23ltt2EXimqmTUXEy0GFuRQyBid4=
github.com/pmezard/go-difflib v1.0.0 h1:4DBwDE0NGyQoBHbLQYPwSUPoCMWR5BEzIk/f1lZbAQM=
github.com/pmezard/go-difflib v1.0.0/go.mod h1:iKH77koFhYxTK1pcRnkKkqfTogsbg7gZNVY4sRDYZ/4=
github.com/russross/blackfriday/v2 v2.1.0/go.mod h1:+Rmxgy9KzJVeS9/2gXHxylqXiyQDYRxCVz55jmeOWTM=
github.com/spf13/cobra v1.9.1 h1:CXSaggrXdbHK9CF+8ywj8Amf7PBRmPCOJugH954Nnlo=
github.com/spf13/cobra v1.9.1/go.mod h1:nDyEzZ8ogv936Cinf6g1RU9MRY64Ir93oCnqb9wxYW0=
github.com/spf13/pflag v1.0.6/go.mod h1:McXfInJRrz4CZXVZOBLb0bTZqETkiAhM9Iw0y3An2Bg=
github.com/spf13/pflag v1.0.10 h1:4EBh2KAYBwaONj6b2Ye1GiHfwjqyROoF4RwYO+vPwFk=
github.com/spf13/pflag v1.0.10/go.mod h1:McXfInJRrz4CZXVZOBLb0bTZqETkiAhM9Iw0y3An2Bg=
github.com/stretchr/objx v0.5.2 h1:xuMeJ0Sdp5ZMRXx/aWO6RZxdr3beISkG5/G/aIRr3pY=
github.com/stretchr/objx v0.5.2/go.mod h1:FRsXN1f5AsAjCGJKqEizvkpNtU+EGNCLh3NxZ/8L+MA=
github.com/stretchr/testify v1.9.0 h1:HtqpIVDClZ4nwg75+f6Lvsy/wHu+3BoSGCbBAcpTsTg=
github.com/stretchr/testify v1.9.0/go.mod h1:r2ic/lqez/lEtzL7wO/rwa5dbSLXVDPFyf8C91i36aY=
goki.dev/cam v0.9.49 h1:1VCyBM2DP1hPR7dQhs5SOHfthul46lCP03joXgTdrgk=
goki.dev/cam v0.9.49/go.mod h1:BCx9VH5fLqiAWLu0m6092r6g/SQhthL3C/iq/ARyJio=
goki.dev/enums v0.9.56 h1:gQ0ZjDuS3kR1IblvfIdAsoaQYCjgh12PNqNWBu/V00M=
goki.dev/enums v0.9.56/go.mod h1:ULBqiNxR9VhnfCNyNhzj1sbOCykdOTkecv77hIEj5qM=
goki.dev/grows v0.3.31 h1:uVN/LnDGB66SDMWFF75COEIupzihLEN5Eg/qJ0s8gAE=
goki.dev/grows v0.3.31/go.mod h1:2F4f+WVz3Abp720oe0Hm36l6C+YY0L5kLDHdEiAQ378=
goki.dev/mat32/v2 v2.0.0-dev0.0.28 h1:pRl2AhLX7rxQsAT3RTV4YBuicIUqEWFAWd30gKjTbNU=
goki.dev/mat32/v2 v2.0.0-dev0.0.28/go.mod h1:bPTyw4IYkM7znzTwXrSg6cK1/8Yhhvq/+FTTzqsZvM4=
golang.org/x/exp v0.0.0-20240808152545-0cdaa3abc0fa h1:ELnwvuAXPNtPk1TJRuGkI9fDTwym6AYBu0qzT8AcHdI=
golang.org/x/exp v0.0.0-20240808152545-0cdaa3abc0fa/go.mod h1:akd2r19cwCdwSwWeIdzYQGa/EZZyqcOdwWiwj5L5eKQ=
golang.org/x/image v0.20.0 h1:7cVCUjQwfL18gyBJOmYvptfSHS8Fb3YUDtfLIZ7Nbpw=
golang.org/x/image v0.20.0/go.mod h1:0a88To4CYVBAHp5FXJm8o7QbUl37Vd85ply1vyD8auM=
golang.org/x/mod v0.41.0 h1:qJmnOUb4YB+FsEuM3HcWucdZASCPGhsX6uljO6pog0c=
golang.org/x/mod v0.41.0/go.mod h1:Ek9pY8RKWXwsWvd3rQiHYtMqkjSUV+s1Rj7j4H5Ur6o=
golang.org/x/sync v0.23.0 h1:KameEIfc1IkluZyXWLn39Wd4tURc6GbCiISGiZm2bQk=
golang.org/x/sync v0.23.0/go.mod h1:sUUOizhqBxiL6pEWpqNLUiaJn1ShEbZ6BBqskPbjZm0=
golang.org/x/sys v0.48.0 h1:bbX/i/6MgT9BVLM9RT1thmxL04yeTAhbEz4SyadbXoo=
golang.org/x/sys v0.48.0/go.mod h1:hNLxWAXmnKAxqDtdwIYC4bM9oQPEecfsnNMuSxOs3og=
golang.org/x/text v0.18.0 h1:XvMDiNzPAl0jr17s6W9lcaIhGUfUORdGCNsuLmPG224=
golang.org/x/text v0.18.0/go.mod h1:BuEKDfySbSR4drPmRPG/7iBdf8hvFMuRexcpahXilzY=
golang.org/x/tools v0.51.0 h1:k4Xc/1Om9jwkBJBo4NVLMSARBoWtK10mx+W5BnXCeAI=
golang.org/x/tools v0.51.0/go.mod h1:9eEncMayCV6zRMGhR5eZEC2iBx98qWcF1HZ9Z7wJOoA=
gopkg.in/check.v1 v0.0.0-20161208181325-20d25e280405/go.mod h1:Co6ibVJAznAaIkqp8huTwlJQCZ016jof/cbN4VW5Yz0=
gopkg.in/yaml.v3 v3.0.1 h1:fxVm/GzAzEWqLHuvctI91KS9hhNmmWOoWu0XTYJS7CA=
gopkg.in/yaml.v3 v3.0.1/go.mod h1:K4uyk7z7BCEPqu6E+C64Yfv1cQ7kz7rIZviUmN+EgEM=
